
Microsoft Visual Studio Solution File, Format Version 12.00
# Visual Studio Version 17
VisualStudioVersion = 17.14.36930.0 d17.14
MinimumVisualStudioVersion = 10.0.40219.1
Project("{FAE04EC0-301F-11D3-BF4B-00C04F79EFBC}") = "SearchLibrary", "SearchLibrary.csproj", "{4CCEB383-14BF-401B-A6EE-7897E7C24A3D}"
EndProject
Project("{FAE04EC0-301F-11D3-BF4B-00C04F79EFBC}") = "SearchLibrary.Tests", "SearchLibrary.Tests\SearchLibrary.Tests.csproj", "{0721C8C0-C955-4194-A075-7B8E7DB8313D}"
EndProject
Global
	GlobalSection(SolutionConfigurationPlatforms) = preSolution
		Debug|Any CPU = Debug|Any CPU
		Release|Any CPU = Release|Any CPU
	EndGlobalSection
	GlobalSection(ProjectConfigurationPlatforms) = postSolution
		{4CCEB383-14BF-401B-A6EE-7897E7C24A3D}.Debug|Any CPU.ActiveCfg = Debug|Any CPU
		{4CCEB383-14BF-401B-A6EE-7897E7C24A3D}.Debug|Any CPU.Build.0 = Debug|Any CPU
		{4CCEB383-14BF-401B-A6EE-7897E7C24A3D}.Release|Any CPU.ActiveCfg = Release|Any CPU
		{4CCEB383-14BF-401B-A6EE-7897E7C24A3D}.Release|Any CPU.Build.0 = Release|Any CPU
		{0721C8C0-C955-4194-A075-7B8E7DB8313D}.Debug|Any CPU.ActiveCfg = Debug|Any CPU
		{0721C8C0-C955-4194-A075-7B8E7DB8313D}.Debug|Any CPU.Build.0 = Debug|Any CPU
		{0721C8C0-C955-4194-A075-7B8E7DB8313D}.Release|Any CPU.ActiveCfg = Release|Any CPU
		{0721C8C0-C955-4194-A075-7B8E7DB8313D}.Release|Any CPU.Build.0 = Release|Any CPU
	EndGlobalSection
	GlobalSection(SolutionProperties) = preSolution
		HideSolutionNode = FALSE
	EndGlobalSection
	GlobalSection(ExtensibilityGlobals) = postSolution
		SolutionGuid = {A0B8B62F-3577-4493-A669-D60DD3FE2976}
	EndGlobalSection
EndGlobal
